hash: 21a00cae564094177860052259c74bd3fe2a3acbc4ce727a64d5bc917ce40113
updated: 2017-06-20T03:24:35.714988795+07:00
imports:
- name: github.com/acoshift/header
  version: 5c88c77f50897ba89140829b44b9d96c5050ff5a
- name: github.com/tdewolff/buffer
  version: df6253e2a2cda5aba1b5d0c59fc5bdf0a98ae192
- name: github.com/tdewolff/minify
  version: bf4ffcc476fdee34561726f5b5523dc0f87a707a
  subpackages:
  - css
  - html
  - js
- name: github.com/tdewolff/parse
  version: e3d09bbcbf6d7721468bbe5deb35fe71da57d0f3
  subpackages:
  - css
  - html
  - js
- name: github.com/tdewolff/strconv
  version: 3e8091f4417ebaaa3910da63a45ea394ebbfb0e3
testImports: []
